// !$*UTF8*$!
{
	archiveVersion = 1;
	classes = {
	};
	objectVersion = 51;
	objects = {

/* Begin PBXBuildFile section */
		AC5673A8265BA48E00A3EEBD /* AppDelegate.swift in Sources */ = {isa = PBXBuildFile; fileRef = AC5673A7265BA48E00A3EEBD /* AppDelegate.swift */; };
		AC5673AA265BA48E00A3EEBD /* ViewController.swift in Sources */ = {isa = PBXBuildFile; fileRef = AC5673A9265BA48E00A3EEBD /* ViewController.swift */; };
		AC5673AD265BA48E00A3EEBD /* Main.storyboard in Resources */ = {isa = PBXBuildFile; fileRef = AC5673AB265BA48E00A3EEBD /* Main.storyboard */; };
		AC5673AF265BA48F00A3EEBD /* Assets.xcassets in Resources */ = {isa = PBXBuildFile; fileRef = AC5673AE265BA48F00A3EEBD /* Assets.xcassets */; };
		AC5673B2265BA48F00A3EEBD /* LaunchScreen.storyboard in Resources */ = {isa = PBXBuildFile; fileRef = AC5673B0265BA48F00A3EEBD /* LaunchScreen.storyboard */; };
		ACD99DC12660FC710029834C /* HelpshiftEventsHandler.swift in Sources */ = {isa = PBXBuildFile; fileRef = ACD99DC02660FC710029834C /* HelpshiftEventsHandler.swift */; };
		BF23541CFC2646F2560C1FCD /* Pods_HSSDKXSwiftSample.framework in Frameworks */ = {isa = PBXBuildFile; fileRef = 56EA5779089DF6E954781EA3 /* Pods_HSSDKXSwiftSample.framework */; };
/* End PBXBuildFile section */

/* Begin PBXFileReference section */
		161E8242F75B3142E8517855 /* Pods-HSSDKXSwiftSample.release.xcconfig */ = {isa = PBXFileReference; includeInIndex = 1; lastKnownFileType = text.xcconfig; name = "Pods-HSSDKXSwiftSample.release.xcconfig"; path = "Target Support Files/Pods-HSSDKXSwiftSample/Pods-HSSDKXSwiftSample.release.xcconfig"; sourceTree = "<group>"; };
		56EA5779089DF6E954781EA3 /* Pods_HSSDKXSwiftSample.framework */ = {isa = PBXFileReference; explicitFileType = wrapper.framework; includeInIndex = 0; path = Pods_HSSDKXSwiftSample.framework; sourceTree = BUILT_PRODUCTS_DIR; };
		AC5673A4265BA48E00A3EEBD /* HSSDKXSwiftSample.app */ = {isa = PBXFileReference; explicitFileType = wrapper.application; includeInIndex = 0; path = HSSDKXSwiftSample.app; sourceTree = BUILT_PRODUCTS_DIR; };
		AC5673A7265BA48E00A3EEBD /* AppDelegate.swift */ = {isa = PBXFileReference; lastKnownFileType = sourcecode.swift; path = AppDelegate.swift; sourceTree = "<group>"; };
		AC5673A9265BA48E00A3EEBD /* ViewController.swift */ = {isa = PBXFileReference; lastKnownFileType = sourcecode.swift; path = ViewController.swift; sourceTree = "<group>"; };
		AC5673AC265BA48E00A3EEBD /* Base */ = {isa = PBXFileReference; lastKnownFileType = file.storyboard; name = Base; path = Base.lproj/Main.storyboard; sourceTree = "<group>"; };
		AC5673AE265BA48F00A3EEBD /* Assets.xcassets */ = {isa = PBXFileReference; lastKnownFileType = folder.assetcatalog; path = Assets.xcassets; sourceTree = "<group>"; };
		AC5673B1265BA48F00A3EEBD /* Base */ = {isa = PBXFileReference; lastKnownFileType = file.storyboard; name = Base; path = Base.lproj/LaunchScreen.storyboard; sourceTree = "<group>"; };
		AC5673B3265BA48F00A3EEBD /* Info.plist */ = {isa = PBXFileReference; lastKnownFileType = text.plist.xml; path = Info.plist; sourceTree = "<group>"; };
		ACD99DC02660FC710029834C /* HelpshiftEventsHandler.swift */ = {isa = PBXFileReference; lastKnownFileType = sourcecode.swift; path = HelpshiftEventsHandler.swift; sourceTree = "<group>"; };
		ACD99DC426610B6F0029834C /* HSSDKXSwiftSample.entitlements */ = {isa = PBXFileReference; lastKnownFileType = text.plist.entitlements; path = HSSDKXSwiftSample.entitlements; sourceTree = "<group>"; };
		CD7E50920D13B023101A0476 /* Pods-HSSDKXSwiftSample.debug.xcconfig */ = {isa = PBXFileReference; includeInIndex = 1; lastKnownFileType = text.xcconfig; name = "Pods-HSSDKXSwiftSample.debug.xcconfig"; path = "Target Support Files/Pods-HSSDKXSwiftSample/Pods-HSSDKXSwiftSample.debug.xcconfig"; sourceTree = "<group>"; };
/* End PBXFileReference section */

/* Begin PBXFrameworksBuildPhase section */
		AC5673A1265BA48E00A3EEBD /* Frameworks */ = {
			isa = PBXFrameworksBuildPhase;
			buildActionMask = 2147483647;
			files = (
				BF23541CFC2646F2560C1FCD /* Pods_HSSDKXSwiftSample.framework in Frameworks */,
			);
			runOnlyForDeploymentPostprocessing = 0;
		};
/* End PBXFrameworksBuildPhase section */

/* Begin PBXGroup section */
		041CFB401422108511DCC62E /* Pods */ = {
			isa = PBXGroup;
			children = (
				CD7E50920D13B023101A0476 /* Pods-HSSDKXSwiftSample.debug.xcconfig */,
				161E8242F75B3142E8517855 /* Pods-HSSDKXSwiftSample.release.xcconfig */,
			);
			path = Pods;
			sourceTree = "<group>";
		};
		4290441BF1AB18937526E563 /* Frameworks */ = {
			isa = PBXGroup;
			children = (
				56EA5779089DF6E954781EA3 /* Pods_HSSDKXSwiftSample.framework */,
			);
			name = Frameworks;
			sourceTree = "<group>";
		};
		AC56739B265BA48E00A3EEBD = {
			isa = PBXGroup;
			children = (
				AC5673A6265BA48E00A3EEBD /* HSSDKXSwiftSample */,
				AC5673A5265BA48E00A3EEBD /* Products */,
				041CFB401422108511DCC62E /* Pods */,
				4290441BF1AB18937526E563 /* Frameworks */,
			);
			sourceTree = "<group>";
		};
		AC5673A5265BA48E00A3EEBD /* Products */ = {
			isa = PBXGroup;
			children = (
				AC5673A4265BA48E00A3EEBD /* HSSDKXSwiftSample.app */,
			);
			name = Products;
			sourceTree = "<group>";
		};
		AC5673A6265BA48E00A3EEBD /* HSSDKXSwiftSample */ = {
			isa = PBXGroup;
			children = (
				ACD99DC426610B6F0029834C /* HSSDKXSwiftSample.entitlements */,
				AC5673A7265BA48E00A3EEBD /* AppDelegate.swift */,
				AC5673A9265BA48E00A3EEBD /* ViewController.swift */,
				AC5673AB265BA48E00A3EEBD /* Main.storyboard */,
				AC5673AE265BA48F00A3EEBD /* Assets.xcassets */,
				AC5673B0265BA48F00A3EEBD /* LaunchScreen.storyboard */,
				AC5673B3265BA48F00A3EEBD /* Info.plist */,
				ACD99DC02660FC710029834C /* HelpshiftEventsHandler.swift */,
			);
			path = HSSDKXSwiftSample;
			sourceTree = "<group>";
		};
/* End PBXGroup section */

/* Begin PBXNativeTarget section */
		AC5673A3265BA48E00A3EEBD /* HSSDKXSwiftSample */ = {
			isa = PBXNativeTarget;
			buildConfigurationList = AC5673B6265BA48F00A3EEBD /* Build configuration list for PBXNativeTarget "HSSDKXSwiftSample" */;
			buildPhases = (
				43145C982E09F3D30143039D /* [CP] Check Pods Manifest.lock */,
				AC5673A0265BA48E00A3EEBD /* Sources */,
				AC5673A1265BA48E00A3EEBD /* Frameworks */,
				AC5673A2265BA48E00A3EEBD /* Resources */,
				0B9A6BE3FA2BA61BB097F30B /* [CP] Embed Pods Frameworks */,
			);
			buildRules = (
			);
			dependencies = (
			);
			name = HSSDKXSwiftSample;
			productName = HSSDKXSwiftSample;
			productReference = AC5673A4265BA48E00A3EEBD /* HSSDKXSwiftSample.app */;
			productType = "com.apple.product-type.application";
		};
/* End PBXNativeTarget section */

/* Begin PBXProject section */
		AC56739C265BA48E00A3EEBD /* Project object */ = {
			isa = PBXProject;
			attributes = {
				LastSwiftUpdateCheck = 1020;
				LastUpgradeCheck = 1230;
				ORGANIZATIONNAME = "Sagar Dagdu";
				TargetAttributes = {
					AC5673A3265BA48E00A3EEBD = {
						CreatedOnToolsVersion = 10.2.1;
					};
				};
			};
			buildConfigurationList = AC56739F265BA48E00A3EEBD /* Build configuration list for PBXProject "HSSDKXSwiftSample" */;
			compatibilityVersion = "Xcode 9.3";
			developmentRegion = en;
			hasScannedForEncodings = 0;
			knownRegions = (
				en,
				Base,
			);
			mainGroup = AC56739B265BA48E00A3EEBD;
			productRefGroup = AC5673A5265BA48E00A3EEBD /* Products */;
			projectDirPath = "";
			projectRoot = "";
			targets = (
				AC5673A3265BA48E00A3EEBD /* HSSDKXSwiftSample */,
			);
		};
/* End PBXProject section */

/* Begin PBXResourcesBuildPhase section */
		AC5673A2265BA48E00A3EEBD /* Resources */ = {
			isa = PBXResourcesBuildPhase;
			buildActionMask = 2147483647;
			files = (
				AC5673B2265BA48F00A3EEBD /* LaunchScreen.storyboard in Resources */,
				AC5673AF265BA48F00A3EEBD /* Assets.xcassets in Resources */,
				AC5673AD265BA48E00A3EEBD /* Main.storyboard in Resources */,
			);
			runOnlyForDeploymentPostprocessing = 0;
		};
/* End PBXResourcesBuildPhase section */

/* Begin PBXShellScriptBuildPhase section */
		0B9A6BE3FA2BA61BB097F30B /* [CP] Embed Pods Frameworks */ = {
			isa = PBXShellScriptBuildPhase;
			buildActionMask = 2147483647;
			files = (
			);
			inputFileListPaths = (
				"${PODS_ROOT}/Target Support Files/Pods-HSSDKXSwiftSample/Pods-HSSDKXSwiftSample-frameworks-${CONFIGURATION}-input-files.xcfilelist",
			);
			name = "[CP] Embed Pods Frameworks";
			outputFileListPaths = (
				"${PODS_ROOT}/Target Support Files/Pods-HSSDKXSwiftSample/Pods-HSSDKXSwiftSample-frameworks-${CONFIGURATION}-output-files.xcfilelist",
			);
			runOnlyForDeploymentPostprocessing = 0;
			shellPath = /bin/sh;
			shellScript = "\"${PODS_ROOT}/Target Support Files/Pods-HSSDKXSwiftSample/Pods-HSSDKXSwiftSample-frameworks.sh\"\n";
			showEnvVarsInLog = 0;
		};
		43145C982E09F3D30143039D /* [CP] Check Pods Manifest.lock */ = {
			isa = PBXShellScriptBuildPhase;
			buildActionMask = 2147483647;
			files = (
			);
			inputFileListPaths = (
			);
			inputPaths = (
				"${PODS_PODFILE_DIR_PATH}/Podfile.lock",
				"${PODS_ROOT}/Manifest.lock",
			);
			name = "[CP] Check Pods Manifest.lock";
			outputFileListPaths = (
			);
			outputPaths = (
				"$(DERIVED_FILE_DIR)/Pods-HSSDKXSwiftSample-checkManifestLockResult.txt",
			);
			runOnlyForDeploymentPostprocessing = 0;
			shellPath = /bin/sh;
			shellScript = "diff \"${PODS_PODFILE_DIR_PATH}/Podfile.lock\" \"${PODS_ROOT}/Manifest.lock\" > /dev/null\nif [ $? != 0 ] ; then\n    # print error to STDERR\n    echo \"error: The sandbox is not in sync with the Podfile.lock. Run 'pod install' or update your CocoaPods installation.\" >&2\n    exit 1\nfi\n# This output is used by Xcode 'outputs' to avoid re-running this script phase.\necho \"SUCCESS\" > \"${SCRIPT_OUTPUT_FILE_0}\"\n";
			showEnvVarsInLog = 0;
		};
/* End PBXShellScriptBuildPhase section */

/* Begin PBXSourcesBuildPhase section */
		AC5673A0265BA48E00A3EEBD /* Sources */ = {
			isa = PBXSourcesBuildPhase;
			buildActionMask = 2147483647;
			files = (
				AC5673AA265BA48E00A3EEBD /* ViewController.swift in Sources */,
				ACD99DC12660FC710029834C /* HelpshiftEventsHandler.swift in Sources */,
				AC5673A8265BA48E00A3EEBD /* AppDelegate.swift in Sources */,
			);
			runOnlyForDeploymentPostprocessing = 0;
		};
/* End PBXSourcesBuildPhase section */

/* Begin PBXVariantGroup section */
		AC5673AB265BA48E00A3EEBD /* Main.storyboard */ = {
			isa = PBXVariantGroup;
			children = (
				AC5673AC265BA48E00A3EEBD /* Base */,
			);
			name = Main.storyboard;
			sourceTree = "<group>";
		};
		AC5673B0265BA48F00A3EEBD /* LaunchScreen.storyboard */ = {
			isa = PBXVariantGroup;
			children = (
				AC5673B1265BA48F00A3EEBD /* Base */,
			);
			name = LaunchScreen.storyboard;
			sourceTree = "<group>";
		};
/* End PBXVariantGroup section */

/* Begin XCBuildConfiguration section */
		AC5673B4265BA48F00A3EEBD /* Debug */ = {
			isa = XCBuildConfiguration;
			buildSettings = {
				ALWAYS_SEARCH_USER_PATHS = NO;
				CLANG_ANALYZER_NONNULL = YES;
				CLANG_ANALYZER_NUMBER_OBJECT_CONVERSION = YES_AGGRESSIVE;
				CLANG_CXX_LANGUAGE_STANDARD = "gnu++14";
				CLANG_CXX_LIBRARY = "libc++";
				CLANG_ENABLE_MODULES = YES;
				CLANG_ENABLE_OBJC_ARC = YES;
				CLANG_ENABLE_OBJC_WEAK = YES;
				CLANG_WARN_BLOCK_CAPTURE_AUTORELEASING = YES;
				CLANG_WARN_BOOL_CONVERSION = YES;
				CLANG_WARN_COMMA = YES;
				CLANG_WARN_CONSTANT_CONVERSION = YES;
				CLANG_WARN_DEPRECATED_OBJC_IMPLEMENTATIONS = YES;
				CLANG_WARN_DIRECT_OBJC_ISA_USAGE = YES_ERROR;
				CLANG_WARN_DOCUMENTATION_COMMENTS = YES;
				CLANG_WARN_EMPTY_BODY = YES;
				CLANG_WARN_ENUM_CONVERSION = YES;
				CLANG_WARN_INFINITE_RECURSION = YES;
				CLANG_WARN_INT_CONVERSION = YES;
				CLANG_WARN_NON_LITERAL_NULL_CONVERSION = YES;
				CLANG_WARN_OBJC_IMPLICIT_RETAIN_SELF = YES;
				CLANG_WARN_OBJC_LITERAL_CONVERSION = YES;
				CLANG_WARN_OBJC_ROOT_CLASS = YES_ERROR;
				CLANG_WARN_QUOTED_INCLUDE_IN_FRAMEWORK_HEADER = YES;
				CLANG_WARN_RANGE_LOOP_ANALYSIS = YES;
				CLANG_WARN_STRICT_PROTOTYPES = YES;
				CLANG_WARN_SUSPICIOUS_MOVE = YES;
				CLANG_WARN_UNGUARDED_AVAILABILITY = YES_AGGRESSIVE;
				CLANG_WARN_UNREACHABLE_CODE = YES;
				CLANG_WARN__DUPLICATE_METHOD_MATCH = YES;
				CODE_SIGN_IDENTITY = "iPhone Developer";
				COPY_PHASE_STRIP = NO;
				DEBUG_INFORMATION_FORMAT = dwarf;
				ENABLE_STRICT_OBJC_MSGSEND = YES;
				ENABLE_TESTABILITY = YES;
				GCC_C_LANGUAGE_STANDARD = gnu11;
				GCC_DYNAMIC_NO_PIC = NO;
				GCC_NO_COMMON_BLOCKS = YES;
				GCC_OPTIMIZATION_LEVEL = 0;
				GCC_PREPROCESSOR_DEFINITIONS = (
					"DEBUG=1",
					"$(inherited)",
				);
				GCC_WARN_64_TO_32_BIT_CONVERSION = YES;
				GCC_WARN_ABOUT_RETURN_TYPE = YES_ERROR;
				GCC_WARN_UNDECLARED_SELECTOR = YES;
				GCC_WARN_UNINITIALIZED_AUTOS = YES_AGGRESSIVE;
				GCC_WARN_UNUSED_FUNCTION = YES;
				GCC_WARN_UNUSED_VARIABLE = YES;
				IPHONEOS_DEPLOYMENT_TARGET = 12.2;
				MTL_ENABLE_DEBUG_INFO = INCLUDE_SOURCE;
				MTL_FAST_MATH = YES;
				ONLY_ACTIVE_ARCH = YES;
				SDKROOT = iphoneos;
				SWIFT_ACTIVE_COMPILATION_CONDITIONS = DEBUG;
				SWIFT_OPTIMIZATION_LEVEL = "-Onone";
			};
			name = Debug;
		};
		AC5673B5265BA48F00A3EEBD /* Release */ = {
			isa = XCBuildConfiguration;
			buildSettings = {
				ALWAYS_SEARCH_USER_PATHS = NO;
				CLANG_ANALYZER_NONNULL = YES;
				CLANG_ANALYZER_NUMBER_OBJECT_CONVERSION = YES_AGGRESSIVE;
				CLANG_CXX_LANGUAGE_STANDARD = "gnu++14";
				CLANG_CXX_LIBRARY = "libc++";
				CLANG_ENABLE_MODULES = YES;
				CLANG_ENABLE_OBJC_ARC = YES;
				CLANG_ENABLE_OBJC_WEAK = YES;
				CLANG_WARN_BLOCK_CAPTURE_AUTORELEASING = YES;
				CLANG_WARN_BOOL_CONVERSION = YES;
				CLANG_WARN_COMMA = YES;
				CLANG_WARN_CONSTANT_CONVERSION = YES;
				CLANG_WARN_DEPRECATED_OBJC_IMPLEMENTATIONS = YES;
				CLANG_WARN_DIRECT_OBJC_ISA_USAGE = YES_ERROR;
				CLANG_WARN_DOCUMENTATION_COMMENTS = YES;
				CLANG_WARN_EMPTY_BODY = YES;
				CLANG_WARN_ENUM_CONVERSION = YES;
				CLANG_WARN_INFINITE_RECURSION = YES;
				CLANG_WARN_INT_CONVERSION = YES;
				CLANG_WARN_NON_LITERAL_NULL_CONVERSION = YES;
				CLANG_WARN_OBJC_IMPLICIT_RETAIN_SELF = YES;
				CLANG_WARN_OBJC_LITERAL_CONVERSION = YES;
				CLANG_WARN_OBJC_ROOT_CLASS = YES_ERROR;
				CLANG_WARN_QUOTED_INCLUDE_IN_FRAMEWORK_HEADER = YES;
				CLANG_WARN_RANGE_LOOP_ANALYSIS = YES;
				CLANG_WARN_STRICT_PROTOTYPES = YES;
				CLANG_WARN_SUSPICIOUS_MOVE = YES;
				CLANG_WARN_UNGUARDED_AVAILABILITY = YES_AGGRESSIVE;
				CLANG_WARN_UNREACHABLE_CODE = YES;
				CLANG_WARN__DUPLICATE_METHOD_MATCH = YES;
				CODE_SIGN_IDENTITY = "iPhone Developer";
				COPY_PHASE_STRIP = NO;
				DEBUG_INFORMATION_FORMAT = "dwarf-with-dsym";
				ENABLE_NS_ASSERTIONS = NO;
				ENABLE_STRICT_OBJC_MSGSEND = YES;
				GCC_C_LANGUAGE_STANDARD = gnu11;
				GCC_NO_COMMON_BLOCKS = YES;
				GCC_WARN_64_TO_32_BIT_CONVERSION = YES;
				GCC_WARN_ABOUT_RETURN_TYPE = YES_ERROR;
				GCC_WARN_UNDECLARED_SELECTOR = YES;
				GCC_WARN_UNINITIALIZED_AUTOS = YES_AGGRESSIVE;
				GCC_WARN_UNUSED_FUNCTION = YES;
				GCC_WARN_UNUSED_VARIABLE = YES;
				IPHONEOS_DEPLOYMENT_TARGET = 12.2;
				MTL_ENABLE_DEBUG_INFO = NO;
				MTL_FAST_MATH = YES;
				SDKROOT = iphoneos;
				SWIFT_COMPILATION_MODE = wholemodule;
				SWIFT_OPTIMIZATION_LEVEL = "-O";
				VALIDATE_PRODUCT = YES;
			};
			name = Release;
		};
		AC5673B7265BA48F00A3EEBD /* Debug */ = {
			isa = XCBuildConfiguration;
			baseConfigurationReference = CD7E50920D13B023101A0476 /* Pods-HSSDKXSwiftSample.debug.xcconfig */;
			buildSettings = {
				ASSETCATALOG_COMPILER_APPICON_NAME = AppIcon;
				CODE_SIGN_ENTITLEMENTS = HSSDKXSwiftSample/HSSDKXSwiftSample.entitlements;
				CODE_SIGN_STYLE = Automatic;
				DEVELOPMENT_TEAM = 75WN78RS4G;
				INFOPLIST_FILE = HSSDKXSwiftSample/Info.plist;
				LD_RUNPATH_SEARCH_PATHS = (
					"$(inherited)",
					"@executable_path/Frameworks",
				);
				PRODUCT_BUNDLE_IDENTIFIER = com.helpshift.sdkxswift.sample.HSSDKXSwiftSample;
				PRODUCT_NAME = "$(TARGET_NAME)";
				SWIFT_VERSION = 5.0;
				TARGETED_DEVICE_FAMILY = "1,2";
			};
			name = Debug;
		};
		AC5673B8265BA48F00A3EEBD /* Release */ = {
			isa = XCBuildConfiguration;
			baseConfigurationReference = 161E8242F75B3142E8517855 /* Pods-HSSDKXSwiftSample.release.xcconfig */;
			buildSettings = {
				ASSETCATALOG_COMPILER_APPICON_NAME = AppIcon;
				CODE_SIGN_ENTITLEMENTS = HSSDKXSwiftSample/HSSDKXSwiftSample.entitlements;
				CODE_SIGN_STYLE = Automatic;
				DEVELOPMENT_TEAM = 75WN78RS4G;
				INFOPLIST_FILE = HSSDKXSwiftSample/Info.plist;
				LD_RUNPATH_SEARCH_PATHS = (
					"$(inherited)",
					"@executable_path/Frameworks",
				);
				PRODUCT_BUNDLE_IDENTIFIER = com.helpshift.sdkxswift.sample.HSSDKXSwiftSample;
				PRODUCT_NAME = "$(TARGET_NAME)";
				SWIFT_VERSION = 5.0;
				TARGETED_DEVICE_FAMILY = "1,2";
			};
			name = Release;
		};
/* End XCBuildConfiguration section */

/* Begin XCConfigurationList section */
		AC56739F265BA48E00A3EEBD /* Build configuration list for PBXProject "HSSDKXSwiftSample" */ = {
			isa = XCConfigurationList;
			buildConfigurations = (
				AC5673B4265BA48F00A3EEBD /* Debug */,
				AC5673B5265BA48F00A3EEBD /* Release */,
			);
			defaultConfigurationIsVisible = 0;
			defaultConfigurationName = Release;
		};
		AC5673B6265BA48F00A3EEBD /* Build configuration list for PBXNativeTarget "HSSDKXSwiftSample" */ = {
			isa = XCConfigurationList;
			buildConfigurations = (
				AC5673B7265BA48F00A3EEBD /* Debug */,
				AC5673B8265BA48F00A3EEBD /* Release */,
			);
			defaultConfigurationIsVisible = 0;
			defaultConfigurationName = Release;
		};
/* End XCConfigurationList section */
	};
	rootObject = AC56739C265BA48E00A3EEBD /* Project object */;
}
